
Microsoft Visual Studio Solution File, Format Version 12.00
# Visual Studio Version 16
VisualStudioVersion = 16.0.30717.126
MinimumVisualStudioVersion = 10.0.40219.1
Project("{9A19103F-16F7-4668-BE54-9A1E7A4F7556}") = "Server", "Server\Server.csproj", "{72321496-4B61-41F7-B886-C440B94F0984}"
EndProject
Project("{9A19103F-16F7-4668-BE54-9A1E7A4F7556}") = "ApplicationCore", "ApplicationCore\ApplicationCore.csproj", "{F1AAEE2B-69CC-4683-A8B2-5DA33A643BCC}"
EndProject
Project("{9A19103F-16F7-4668-BE54-9A1E7A4F7556}") = "Infrastructure", "Infrastructure\Infrastructure.csproj", "{DB859AE9-7CA1-4637-8984-8C76B2182E6E}"
EndProject
Global
	GlobalSection(SolutionConfigurationPlatforms) = preSolution
		Debug|Any CPU = Debug|Any CPU
		Release|Any CPU = Release|Any CPU
	EndGlobalSection
	GlobalSection(ProjectConfigurationPlatforms) = postSolution
		{72321496-4B61-41F7-B886-C440B94F0984}.Debug|Any CPU.ActiveCfg = Debug|Any CPU
		{72321496-4B61-41F7-B886-C440B94F0984}.Debug|Any CPU.Build.0 = Debug|Any CPU
		{72321496-4B61-41F7-B886-C440B94F0984}.Release|Any CPU.ActiveCfg = Release|Any CPU
		{72321496-4B61-41F7-B886-C440B94F0984}.Release|Any CPU.Build.0 = Release|Any CPU
		{F1AAEE2B-69CC-4683-A8B2-5DA33A643BCC}.Debug|Any CPU.ActiveCfg = Debug|Any CPU
		{F1AAEE2B-69CC-4683-A8B2-5DA33A643BCC}.Debug|Any CPU.Build.0 = Debug|Any CPU
		{F1AAEE2B-69CC-4683-A8B2-5DA33A643BCC}.Release|Any CPU.ActiveCfg = Release|Any CPU
		{F1AAEE2B-69CC-4683-A8B2-5DA33A643BCC}.Release|Any CPU.Build.0 = Release|Any CPU
		{DB859AE9-7CA1-4637-8984-8C76B2182E6E}.Debug|Any CPU.ActiveCfg = Debug|Any CPU
		{DB859AE9-7CA1-4637-8984-8C76B2182E6E}.Debug|Any CPU.Build.0 = Debug|Any CPU
		{DB859AE9-7CA1-4637-8984-8C76B2182E6E}.Release|Any CPU.ActiveCfg = Release|Any CPU
		{DB859AE9-7CA1-4637-8984-8C76B2182E6E}.Release|Any CPU.Build.0 = Release|Any CPU
	EndGlobalSection
	GlobalSection(SolutionProperties) = preSolution
		HideSolutionNode = FALSE
	EndGlobalSection
	GlobalSection(ExtensibilityGlobals) = postSolution
		SolutionGuid = {0BA77DCB-A3B3-4727-9E1B-E89849BF0071}
	EndGlobalSection
EndGlobal
